{
  "pins" : [
    {
      "identity" : "swift-crypto",
      "kind" : "remoteSourceControl",
      "location" : "https://github.com/apple/swift-crypto.git",
      "state" : {
        "revision" : "ddb07e896a2a8af79512543b1c7eb9797f8898a5",
        "version" : "1.1.7"
      }
    },
    {
      "identity" : "tiktoken",
      "kind" : "remoteSourceControl",
      "location" : "https://github.com/DevonMartin/Tiktoken.git",
      "state" : {
        "branch" : "main",
        "revision" : "a6ba3f28343ba7a2985b7f5da179c0884a4da503"
      }
    }
  ],
  "version" : 2
}
